
Microsoft Visual Studio Solution File, Format Version 12.00
# Visual Studio Version 17
VisualStudioVersion = 17.5.002.0
MinimumVisualStudioVersion = 10.0.40219.1
Project("{9A19103F-16F7-4668-BE54-9A1E7A4F7556}") = "TaskDemo", "TaskDemo.csproj", "{7A838D5F-A70C-4171-9533-ADDCAB4EBE67}"
EndProject
Global
	GlobalSection(SolutionConfigurationPlatforms) = preSolution
		Debug|Any CPU = Debug|Any CPU
		Release|Any CPU = Release|Any CPU
	EndGlobalSection
	GlobalSection(ProjectConfigurationPlatforms) = postSolution
		{7A838D5F-A70C-4171-9533-ADDCAB4EBE67}.Debug|Any CPU.ActiveCfg = Debug|Any CPU
		{7A838D5F-A70C-4171-9533-ADDCAB4EBE67}.Debug|Any CPU.Build.0 = Debug|Any CPU
		{7A838D5F-A70C-4171-9533-ADDCAB4EBE67}.Release|Any CPU.ActiveCfg = Release|Any CPU
		{7A838D5F-A70C-4171-9533-ADDCAB4EBE67}.Release|Any CPU.Build.0 = Release|Any CPU
	EndGlobalSection
	GlobalSection(SolutionProperties) = preSolution
		HideSolutionNode = FALSE
	EndGlobalSection
	GlobalSection(ExtensibilityGlobals) = postSolution
		SolutionGuid = {EFAF6B5C-2ADE-400A-B248-4B7C96DCA7D9}
	EndGlobalSection
EndGlobal
